// !$*UTF8*$!
{
	archiveVersion = 1;
	classes = {
	};
	objectVersion = 46;
	objects = {

/* Begin PBXBuildFile section */
		C9B6620F1C6CAF910073D982 /* AppDelegate.swift in Sources */ = {isa = PBXBuildFile; fileRef = C9B6620E1C6CAF910073D982 /* AppDelegate.swift */; };
		C9B662111C6CAF910073D982 /* ViewController.swift in Sources */ = {isa = PBXBuildFile; fileRef = C9B662101C6CAF910073D982 /* ViewController.swift */; };
		C9B662131C6CAF910073D982 /* Assets.xcassets in Resources */ = {isa = PBXBuildFile; fileRef = C9B662121C6CAF910073D982 /* Assets.xcassets */; };
		C9B662161C6CAF910073D982 /* Main.storyboard in Resources */ = {isa = PBXBuildFile; fileRef = C9B662141C6CAF910073D982 /* Main.storyboard */; };
		C9B662211C6CAF910073D982 /* Swipe_Keyboard_1Tests.swift in Sources */ = {isa = PBXBuildFile; fileRef = C9B662201C6CAF910073D982 /* Swipe_Keyboard_1Tests.swift */; };
		C9B6622C1C6CAF920073D982 /* Swipe_Keyboard_1UITests.swift in Sources */ = {isa = PBXBuildFile; fileRef = C9B6622B1C6CAF920073D982 /* Swipe_Keyboard_1UITests.swift */; };
/* End PBXBuildFile section */

/* Begin PBXContainerItemProxy section */
		C9B6621D1C6CAF910073D982 /* PBXContainerItemProxy */ = {
			isa = PBXContainerItemProxy;
			containerPortal = C9B662031C6CAF910073D982 /* Project object */;
			proxyType = 1;
			remoteGlobalIDString = C9B6620A1C6CAF910073D982;
			remoteInfo = "Swipe Keyboard 1";
		};
		C9B662281C6CAF920073D982 /* PBXContainerItemProxy */ = {
			isa = PBXContainerItemProxy;
			containerPortal = C9B662031C6CAF910073D982 /* Project object */;
			proxyType = 1;
			remoteGlobalIDString = C9B6620A1C6CAF910073D982;
			remoteInfo = "Swipe Keyboard 1";
		};
/* End PBXContainerItemProxy section */

/* Begin PBXFileReference section */
		C9B6620B1C6CAF910073D982 /* Swipe Keyboard 1.app */ = {isa = PBXFileReference; explicitFileType = wrapper.application; includeInIndex = 0; path = "Swipe Keyboard 1.app"; sourceTree = BUILT_PRODUCTS_DIR; };
		C9B6620E1C6CAF910073D982 /* AppDelegate.swift */ = {isa = PBXFileReference; lastKnownFileType = sourcecode.swift; path = AppDelegate.swift; sourceTree = "<group>"; };
		C9B662101C6CAF910073D982 /* ViewController.swift */ = {isa = PBXFileReference; lastKnownFileType = sourcecode.swift; path = ViewController.swift; sourceTree = "<group>"; };
		C9B662121C6CAF910073D982 /* Assets.xcassets */ = {isa = PBXFileReference; lastKnownFileType = folder.assetcatalog; path = Assets.xcassets; sourceTree = "<group>"; };
		C9B662151C6CAF910073D982 /* Base */ = {isa = PBXFileReference; lastKnownFileType = file.storyboard; name = Base; path = Base.lproj/Main.storyboard; sourceTree = "<group>"; };
		C9B662171C6CAF910073D982 /* Info.plist */ = {isa = PBXFileReference; lastKnownFileType = text.plist.xml; path = Info.plist; sourceTree = "<group>"; };
		C9B6621C1C6CAF910073D982 /* Swipe Keyboard 1Tests.xctest */ = {isa = PBXFileReference; explicitFileType = wrapper.cfbundle; includeInIndex = 0; path = "Swipe Keyboard 1Tests.xctest"; sourceTree = BUILT_PRODUCTS_DIR; };
		C9B662201C6CAF910073D982 /* Swipe_Keyboard_1Tests.swift */ = {isa = PBXFileReference; lastKnownFileType = sourcecode.swift; path = Swipe_Keyboard_1Tests.swift; sourceTree = "<group>"; };
		C9B662221C6CAF920073D982 /* Info.plist */ = {isa = PBXFileReference; lastKnownFileType = text.plist.xml; path = Info.plist; sourceTree = "<group>"; };
		C9B662271C6CAF920073D982 /* Swipe Keyboard 1UITests.xctest */ = {isa = PBXFileReference; explicitFileType = wrapper.cfbundle; includeInIndex = 0; path = "Swipe Keyboard 1UITests.xctest"; sourceTree = BUILT_PRODUCTS_DIR; };
		C9B6622B1C6CAF920073D982 /* Swipe_Keyboard_1UITests.swift */ = {isa = PBXFileReference; lastKnownFileType = sourcecode.swift; path = Swipe_Keyboard_1UITests.swift; sourceTree = "<group>"; };
		C9B6622D1C6CAF920073D982 /* Info.plist */ = {isa = PBXFileReference; lastKnownFileType = text.plist.xml; path = Info.plist; sourceTree = "<group>"; };
/* End PBXFileReference section */

/* Begin PBXFrameworksBuildPhase section */
		C9B662081C6CAF910073D982 /* Frameworks */ = {
			isa = PBXFrameworksBuildPhase;
			buildActionMask = 2147483647;
			files = (
			);
			runOnlyForDeploymentPostprocessing = 0;
		};
		C9B662191C6CAF910073D982 /* Frameworks */ = {
			isa = PBXFrameworksBuildPhase;
			buildActionMask = 2147483647;
			files = (
			);
			runOnlyForDeploymentPostprocessing = 0;
		};
		C9B662241C6CAF920073D982 /* Frameworks */ = {
			isa = PBXFrameworksBuildPhase;
			buildActionMask = 2147483647;
			files = (
			);
			runOnlyForDeploymentPostprocessing = 0;
		};
/* End PBXFrameworksBuildPhase section */

/* Begin PBXGroup section */
		C9B662021C6CAF910073D982 = {
			isa = PBXGroup;
			children = (
				C9B6620D1C6CAF910073D982 /* Swipe Keyboard 1 */,
				C9B6621F1C6CAF910073D982 /* Swipe Keyboard 1Tests */,
				C9B6622A1C6CAF920073D982 /* Swipe Keyboard 1UITests */,
				C9B6620C1C6CAF910073D982 /* Products */,
			);
			sourceTree = "<group>";
		};
		C9B6620C1C6CAF910073D982 /* Products */ = {
			isa = PBXGroup;
			children = (
				C9B6620B1C6CAF910073D982 /* Swipe Keyboard 1.app */,
				C9B6621C1C6CAF910073D982 /* Swipe Keyboard 1Tests.xctest */,
				C9B662271C6CAF920073D982 /* Swipe Keyboard 1UITests.xctest */,
			);
			name = Products;
			sourceTree = "<group>";
		};
		C9B6620D1C6CAF910073D982 /* Swipe Keyboard 1 */ = {
			isa = PBXGroup;
			children = (
				C9B6620E1C6CAF910073D982 /* AppDelegate.swift */,
				C9B662101C6CAF910073D982 /* ViewController.swift */,
				C9B662121C6CAF910073D982 /* Assets.xcassets */,
				C9B662141C6CAF910073D982 /* Main.storyboard */,
				C9B662171C6CAF910073D982 /* Info.plist */,
			);
			path = "Swipe Keyboard 1";
			sourceTree = "<group>";
		};
		C9B6621F1C6CAF910073D982 /* Swipe Keyboard 1Tests */ = {
			isa = PBXGroup;
			children = (
				C9B662201C6CAF910073D982 /* Swipe_Keyboard_1Tests.swift */,
				C9B662221C6CAF920073D982 /* Info.plist */,
			);
			path = "Swipe Keyboard 1Tests";
			sourceTree = "<group>";
		};
		C9B6622A1C6CAF920073D982 /* Swipe Keyboard 1UITests */ = {
			isa = PBXGroup;
			children = (
				C9B6622B1C6CAF920073D982 /* Swipe_Keyboard_1UITests.swift */,
				C9B6622D1C6CAF920073D982 /* Info.plist */,
			);
			path = "Swipe Keyboard 1UITests";
			sourceTree = "<group>";
		};
/* End PBXGroup section */

/* Begin PBXNativeTarget section */
		C9B6620A1C6CAF910073D982 /* Swipe Keyboard 1 */ = {
			isa = PBXNativeTarget;
			buildConfigurationList = C9B662301C6CAF920073D982 /* Build configuration list for PBXNativeTarget "Swipe Keyboard 1" */;
			buildPhases = (
				C9B662071C6CAF910073D982 /* Sources */,
				C9B662081C6CAF910073D982 /* Frameworks */,
				C9B662091C6CAF910073D982 /* Resources */,
			);
			buildRules = (
			);
			dependencies = (
			);
			name = "Swipe Keyboard 1";
			productName = "Swipe Keyboard 1";
			productReference = C9B6620B1C6CAF910073D982 /* Swipe Keyboard 1.app */;
			productType = "com.apple.product-type.application";
		};
		C9B6621B1C6CAF910073D982 /* Swipe Keyboard 1Tests */ = {
			isa = PBXNativeTarget;
			buildConfigurationList = C9B662331C6CAF920073D982 /* Build configuration list for PBXNativeTarget "Swipe Keyboard 1Tests" */;
			buildPhases = (
				C9B662181C6CAF910073D982 /* Sources */,
				C9B662191C6CAF910073D982 /* Frameworks */,
				C9B6621A1C6CAF910073D982 /* Resources */,
			);
			buildRules = (
			);
			dependencies = (
				C9B6621E1C6CAF910073D982 /* PBXTargetDependency */,
			);
			name = "Swipe Keyboard 1Tests";
			productName = "Swipe Keyboard 1Tests";
			productReference = C9B6621C1C6CAF910073D982 /* Swipe Keyboard 1Tests.xctest */;
			productType = "com.apple.product-type.bundle.unit-test";
		};
		C9B662261C6CAF920073D982 /* Swipe Keyboard 1UITests */ = {
			isa = PBXNativeTarget;
			buildConfigurationList = C9B662361C6CAF920073D982 /* Build configuration list for PBXNativeTarget "Swipe Keyboard 1UITests" */;
			buildPhases = (
				C9B662231C6CAF920073D982 /* Sources */,
				C9B662241C6CAF920073D982 /* Frameworks */,
				C9B662251C6CAF920073D982 /* Resources */,
			);
			buildRules = (
			);
			dependencies = (
				C9B662291C6CAF920073D982 /* PBXTargetDependency */,
			);
			name = "Swipe Keyboard 1UITests";
			productName = "Swipe Keyboard 1UITests";
			productReference = C9B662271C6CAF920073D982 /* Swipe Keyboard 1UITests.xctest */;
			productType = "com.apple.product-type.bundle.ui-testing";
		};
/* End PBXNativeTarget section */

/* Begin PBXProject section */
		C9B662031C6CAF910073D982 /* Project object */ = {
			isa = PBXProject;
			attributes = {
				LastSwiftUpdateCheck = 0720;
				LastUpgradeCheck = 0720;
				ORGANIZATIONNAME = "Vishal Agarwal";
				TargetAttributes = {
					C9B6620A1C6CAF910073D982 = {
						CreatedOnToolsVersion = 7.2;
					};
					C9B6621B1C6CAF910073D982 = {
						CreatedOnToolsVersion = 7.2;
						TestTargetID = C9B6620A1C6CAF910073D982;
					};
					C9B662261C6CAF920073D982 = {
						CreatedOnToolsVersion = 7.2;
						TestTargetID = C9B6620A1C6CAF910073D982;
					};
				};
			};
			buildConfigurationList = C9B662061C6CAF910073D982 /* Build configuration list for PBXProject "Swipe Keyboard 1" */;
			compatibilityVersion = "Xcode 3.2";
			developmentRegion = English;
			hasScannedForEncodings = 0;
			knownRegions = (
				en,
				Base,
			);
			mainGroup = C9B662021C6CAF910073D982;
			productRefGroup = C9B6620C1C6CAF910073D982 /* Products */;
			projectDirPath = "";
			projectRoot = "";
			targets = (
				C9B6620A1C6CAF910073D982 /* Swipe Keyboard 1 */,
				C9B6621B1C6CAF910073D982 /* Swipe Keyboard 1Tests */,
				C9B662261C6CAF920073D982 /* Swipe Keyboard 1UITests */,
			);
		};
/* End PBXProject section */

/* Begin PBXResourcesBuildPhase section */
		C9B662091C6CAF910073D982 /* Resources */ = {
			isa = PBXResourcesBuildPhase;
			buildActionMask = 2147483647;
			files = (
				C9B662131C6CAF910073D982 /* Assets.xcassets in Resources */,
				C9B662161C6CAF910073D982 /* Main.storyboard in Resources */,
			);
			runOnlyForDeploymentPostprocessing = 0;
		};
		C9B6621A1C6CAF910073D982 /* Resources */ = {
			isa = PBXResourcesBuildPhase;
			buildActionMask = 2147483647;
			files = (
			);
			runOnlyForDeploymentPostprocessing = 0;
		};
		C9B662251C6CAF920073D982 /* Resources */ = {
			isa = PBXResourcesBuildPhase;
			buildActionMask = 2147483647;
			files = (
			);
			runOnlyForDeploymentPostprocessing = 0;
		};
/* End PBXResourcesBuildPhase section */

/* Begin PBXSourcesBuildPhase section */
		C9B662071C6CAF910073D982 /* Sources */ = {
			isa = PBXSourcesBuildPhase;
			buildActionMask = 2147483647;
			files = (
				C9B662111C6CAF910073D982 /* ViewController.swift in Sources */,
				C9B6620F1C6CAF910073D982 /* AppDelegate.swift in Sources */,
			);
			runOnlyForDeploymentPostprocessing = 0;
		};
		C9B662181C6CAF910073D982 /* Sources */ = {
			isa = PBXSourcesBuildPhase;
			buildActionMask = 2147483647;
			files = (
				C9B662211C6CAF910073D982 /* Swipe_Keyboard_1Tests.swift in Sources */,
			);
			runOnlyForDeploymentPostprocessing = 0;
		};
		C9B662231C6CAF920073D982 /* Sources */ = {
			isa = PBXSourcesBuildPhase;
			buildActionMask = 2147483647;
			files = (
				C9B6622C1C6CAF920073D982 /* Swipe_Keyboard_1UITests.swift in Sources */,
			);
			runOnlyForDeploymentPostprocessing = 0;
		};
/* End PBXSourcesBuildPhase section */

/* Begin PBXTargetDependency section */
		C9B6621E1C6CAF910073D982 /* PBXTargetDependency */ = {
			isa = PBXTargetDependency;
			target = C9B6620A1C6CAF910073D982 /* Swipe Keyboard 1 */;
			targetProxy = C9B6621D1C6CAF910073D982 /* PBXContainerItemProxy */;
		};
		C9B662291C6CAF920073D982 /* PBXTargetDependency */ = {
			isa = PBXTargetDependency;
			target = C9B6620A1C6CAF910073D982 /* Swipe Keyboard 1 */;
			targetProxy = C9B662281C6CAF920073D982 /* PBXContainerItemProxy */;
		};
/* End PBXTargetDependency section */

/* Begin PBXVariantGroup section */
		C9B662141C6CAF910073D982 /* Main.storyboard */ = {
			isa = PBXVariantGroup;
			children = (
				C9B662151C6CAF910073D982 /* Base */,
			);
			name = Main.storyboard;
			sourceTree = "<group>";
		};
/* End PBXVariantGroup section */

/* Begin XCBuildConfiguration section */
		C9B6622E1C6CAF920073D982 /* Debug */ = {
			isa = XCBuildConfiguration;
			buildSettings = {
				ALWAYS_SEARCH_USER_PATHS = NO;
				CLANG_CXX_LANGUAGE_STANDARD = "gnu++0x";
				CLANG_CXX_LIBRARY = "libc++";
				CLANG_ENABLE_MODULES = YES;
				CLANG_ENABLE_OBJC_ARC = YES;
				CLANG_WARN_BOOL_CONVERSION = YES;
				CLANG_WARN_CONSTANT_CONVERSION = YES;
				CLANG_WARN_DIRECT_OBJC_ISA_USAGE = YES_ERROR;
				CLANG_WARN_EMPTY_BODY = YES;
				CLANG_WARN_ENUM_CONVERSION = YES;
				CLANG_WARN_INT_CONVERSION = YES;
				CLANG_WARN_OBJC_ROOT_CLASS = YES_ERROR;
				CLANG_WARN_UNREACHABLE_CODE = YES;
				CLANG_WARN__DUPLICATE_METHOD_MATCH = YES;
				CODE_SIGN_IDENTITY = "-";
				COPY_PHASE_STRIP = NO;
				DEBUG_INFORMATION_FORMAT = dwarf;
				ENABLE_STRICT_OBJC_MSGSEND = YES;
				ENABLE_TESTABILITY = YES;
				GCC_C_LANGUAGE_STANDARD = gnu99;
				GCC_DYNAMIC_NO_PIC = NO;
				GCC_NO_COMMON_BLOCKS = YES;
				GCC_OPTIMIZATION_LEVEL = 0;
				GCC_PREPROCESSOR_DEFINITIONS = (
					"DEBUG=1",
					"$(inherited)",
				);
				GCC_WARN_64_TO_32_BIT_CONVERSION = YES;
				GCC_WARN_ABOUT_RETURN_TYPE = YES_ERROR;
				GCC_WARN_UNDECLARED_SELECTOR = YES;
				GCC_WARN_UNINITIALIZED_AUTOS = YES_AGGRESSIVE;
				GCC_WARN_UNUSED_FUNCTION = YES;
				GCC_WARN_UNUSED_VARIABLE = YES;
				MACOSX_DEPLOYMENT_TARGET = 10.11;
				MTL_ENABLE_DEBUG_INFO = YES;
				ONLY_ACTIVE_ARCH = YES;
				SDKROOT = macosx;
				SWIFT_OPTIMIZATION_LEVEL = "-Onone";
			};
			name = Debug;
		};
		C9B6622F1C6CAF920073D982 /* Release */ = {
			isa = XCBuildConfiguration;
			buildSettings = {
				ALWAYS_SEARCH_USER_PATHS = NO;
				CLANG_CXX_LANGUAGE_STANDARD = "gnu++0x";
				CLANG_CXX_LIBRARY = "libc++";
				CLANG_ENABLE_MODULES = YES;
				CLANG_ENABLE_OBJC_ARC = YES;
				CLANG_WARN_BOOL_CONVERSION = YES;
				CLANG_WARN_CONSTANT_CONVERSION = YES;
				CLANG_WARN_DIRECT_OBJC_ISA_USAGE = YES_ERROR;
				CLANG_WARN_EMPTY_BODY = YES;
				CLANG_WARN_ENUM_CONVERSION = YES;
				CLANG_WARN_INT_CONVERSION = YES;
				CLANG_WARN_OBJC_ROOT_CLASS = YES_ERROR;
				CLANG_WARN_UNREACHABLE_CODE = YES;
				CLANG_WARN__DUPLICATE_METHOD_MATCH = YES;
				CODE_SIGN_IDENTITY = "-";
				COPY_PHASE_STRIP = NO;
				DEBUG_INFORMATION_FORMAT = "dwarf-with-dsym";
				ENABLE_NS_ASSERTIONS = NO;
				ENABLE_STRICT_OBJC_MSGSEND = YES;
				GCC_C_LANGUAGE_STANDARD = gnu99;
				GCC_NO_COMMON_BLOCKS = YES;
				GCC_WARN_64_TO_32_BIT_CONVERSION = YES;
				GCC_WARN_ABOUT_RETURN_TYPE = YES_ERROR;
				GCC_WARN_UNDECLARED_SELECTOR = YES;
				GCC_WARN_UNINITIALIZED_AUTOS = YES_AGGRESSIVE;
				GCC_WARN_UNUSED_FUNCTION = YES;
				GCC_WARN_UNUSED_VARIABLE = YES;
				MACOSX_DEPLOYMENT_TARGET = 10.11;
				MTL_ENABLE_DEBUG_INFO = NO;
				SDKROOT = macosx;
			};
			name = Release;
		};
		C9B662311C6CAF920073D982 /* Debug */ = {
			isa = XCBuildConfiguration;
			buildSettings = {
				ASSETCATALOG_COMPILER_APPICON_NAME = AppIcon;
				COMBINE_HIDPI_IMAGES = YES;
				INFOPLIST_FILE = "Swipe Keyboard 1/Info.plist";
				LD_RUNPATH_SEARCH_PATHS = "$(inherited) @executable_path/../Frameworks";
				PRODUCT_BUNDLE_IDENTIFIER = "com.vishal.Swipe-Keyboard-1";
				PRODUCT_NAME = "$(TARGET_NAME)";
			};
			name = Debug;
		};
		C9B662321C6CAF920073D982 /* Release */ = {
			isa = XCBuildConfiguration;
			buildSettings = {
				ASSETCATALOG_COMPILER_APPICON_NAME = AppIcon;
				COMBINE_HIDPI_IMAGES = YES;
				INFOPLIST_FILE = "Swipe Keyboard 1/Info.plist";
				LD_RUNPATH_SEARCH_PATHS = "$(inherited) @executable_path/../Frameworks";
				PRODUCT_BUNDLE_IDENTIFIER = "com.vishal.Swipe-Keyboard-1";
				PRODUCT_NAME = "$(TARGET_NAME)";
			};
			name = Release;
		};
		C9B662341C6CAF920073D982 /* Debug */ = {
			isa = XCBuildConfiguration;
			buildSettings = {
				BUNDLE_LOADER = "$(TEST_HOST)";
				COMBINE_HIDPI_IMAGES = YES;
				INFOPLIST_FILE = "Swipe Keyboard 1Tests/Info.plist";
				LD_RUNPATH_SEARCH_PATHS = "$(inherited) @executable_path/../Frameworks @loader_path/../Frameworks";
				PRODUCT_BUNDLE_IDENTIFIER = "com.vishal.Swipe-Keyboard-1Tests";
				PRODUCT_NAME = "$(TARGET_NAME)";
				TEST_HOST = "$(BUILT_PRODUCTS_DIR)/Swipe Keyboard 1.app/Contents/MacOS/Swipe Keyboard 1";
			};
			name = Debug;
		};
		C9B662351C6CAF920073D982 /* Release */ = {
			isa = XCBuildConfiguration;
			buildSettings = {
				BUNDLE_LOADER = "$(TEST_HOST)";
				COMBINE_HIDPI_IMAGES = YES;
				INFOPLIST_FILE = "Swipe Keyboard 1Tests/Info.plist";
				LD_RUNPATH_SEARCH_PATHS = "$(inherited) @executable_path/../Frameworks @loader_path/../Frameworks";
				PRODUCT_BUNDLE_IDENTIFIER = "com.vishal.Swipe-Keyboard-1Tests";
				PRODUCT_NAME = "$(TARGET_NAME)";
				TEST_HOST = "$(BUILT_PRODUCTS_DIR)/Swipe Keyboard 1.app/Contents/MacOS/Swipe Keyboard 1";
			};
			name = Release;
		};
		C9B662371C6CAF920073D982 /* Debug */ = {
			isa = XCBuildConfiguration;
			buildSettings = {
				COMBINE_HIDPI_IMAGES = YES;
				INFOPLIST_FILE = "Swipe Keyboard 1UITests/Info.plist";
				LD_RUNPATH_SEARCH_PATHS = "$(inherited) @executable_path/../Frameworks @loader_path/../Frameworks";
				PRODUCT_BUNDLE_IDENTIFIER = "com.vishal.Swipe-Keyboard-1UITests";
				PRODUCT_NAME = "$(TARGET_NAME)";
				TEST_TARGET_NAME = "Swipe Keyboard 1";
				USES_XCTRUNNER = YES;
			};
			name = Debug;
		};
		C9B662381C6CAF920073D982 /* Release */ = {
			isa = XCBuildConfiguration;
			buildSettings = {
				COMBINE_HIDPI_IMAGES = YES;
				INFOPLIST_FILE = "Swipe Keyboard 1UITests/Info.plist";
				LD_RUNPATH_SEARCH_PATHS = "$(inherited) @executable_path/../Frameworks @loader_path/../Frameworks";
				PRODUCT_BUNDLE_IDENTIFIER = "com.vishal.Swipe-Keyboard-1UITests";
				PRODUCT_NAME = "$(TARGET_NAME)";
				TEST_TARGET_NAME = "Swipe Keyboard 1";
				USES_XCTRUNNER = YES;
			};
			name = Release;
		};
/* End XCBuildConfiguration section */

/* Begin XCConfigurationList section */
		C9B662061C6CAF910073D982 /* Build configuration list for PBXProject "Swipe Keyboard 1" */ = {
			isa = XCConfigurationList;
			buildConfigurations = (
				C9B6622E1C6CAF920073D982 /* Debug */,
				C9B6622F1C6CAF920073D982 /* Release */,
			);
			defaultConfigurationIsVisible = 0;
			defaultConfigurationName = Release;
		};
		C9B662301C6CAF920073D982 /* Build configuration list for PBXNativeTarget "Swipe Keyboard 1" */ = {
			isa = XCConfigurationList;
			buildConfigurations = (
				C9B662311C6CAF920073D982 /* Debug */,
				C9B662321C6CAF920073D982 /* Release */,
			);
			defaultConfigurationIsVisible = 0;
			defaultConfigurationName = Release;
		};
		C9B662331C6CAF920073D982 /* Build configuration list for PBXNativeTarget "Swipe Keyboard 1Tests" */ = {
			isa = XCConfigurationList;
			buildConfigurations = (
				C9B662341C6CAF920073D982 /* Debug */,
				C9B662351C6CAF920073D982 /* Release */,
			);
			defaultConfigurationIsVisible = 0;
			defaultConfigurationName = Release;
		};
		C9B662361C6CAF920073D982 /* Build configuration list for PBXNativeTarget "Swipe Keyboard 1UITests" */ = {
			isa = XCConfigurationList;
			buildConfigurations = (
				C9B662371C6CAF920073D982 /* Debug */,
				C9B662381C6CAF920073D982 /* Release */,
			);
			defaultConfigurationIsVisible = 0;
			defaultConfigurationName = Release;
		};
/* End XCConfigurationList section */
	};
	rootObject = C9B662031C6CAF910073D982 /* Project object */;
}
